
Microsoft Visual Studio Solution File, Format Version 12.00
# Visual Studio 14
VisualStudioVersion = 14.0.23107.0
MinimumVisualStudioVersion = 10.0.40219.1
Project("{FAE04EC0-301F-11D3-BF4B-00C04F79EFBC}") = "Host", "Host\Host.csproj", "{EC908095-A0AC-426F-B682-5E5F767C3F8C}"
EndProject
Project("{FAE04EC0-301F-11D3-BF4B-00C04F79EFBC}") = "GrainInterfaces", "GrainInterfaces\GrainInterfaces.csproj", "{C1D30EEB-AA1A-47C8-87E8-D4C413FF7819}"
EndProject
Project("{FAE04EC0-301F-11D3-BF4B-00C04F79EFBC}") = "GrainCollection", "GrainCollection\GrainCollection.csproj", "{F281D445-50B6-4D7B-94CF-14814E44EAEE}"
EndProject
Project("{FAE04EC0-301F-11D3-BF4B-00C04F79EFBC}") = "TestingHost", "TestingHost\TestingHost.csproj", "{D7718EE5-112E-4E6E-AC7A-34C391B55857}"
EndProject
Global
	GlobalSection(SolutionConfigurationPlatforms) = preSolution
		Debug|Any CPU = Debug|Any CPU
		Release|Any CPU = Release|Any CPU
	EndGlobalSection
	GlobalSection(ProjectConfigurationPlatforms) = postSolution
		{EC908095-A0AC-426F-B682-5E5F767C3F8C}.Debug|Any CPU.ActiveCfg = Debug|Any CPU
		{EC908095-A0AC-426F-B682-5E5F767C3F8C}.Debug|Any CPU.Build.0 = Debug|Any CPU
		{EC908095-A0AC-426F-B682-5E5F767C3F8C}.Release|Any CPU.ActiveCfg = Release|Any CPU
		{EC908095-A0AC-426F-B682-5E5F767C3F8C}.Release|Any CPU.Build.0 = Release|Any CPU
		{C1D30EEB-AA1A-47C8-87E8-D4C413FF7819}.Debug|Any CPU.ActiveCfg = Debug|Any CPU
		{C1D30EEB-AA1A-47C8-87E8-D4C413FF7819}.Debug|Any CPU.Build.0 = Debug|Any CPU
		{C1D30EEB-AA1A-47C8-87E8-D4C413FF7819}.Release|Any CPU.ActiveCfg = Release|Any CPU
		{C1D30EEB-AA1A-47C8-87E8-D4C413FF7819}.Release|Any CPU.Build.0 = Release|Any CPU
		{F281D445-50B6-4D7B-94CF-14814E44EAEE}.Debug|Any CPU.ActiveCfg = Debug|Any CPU
		{F281D445-50B6-4D7B-94CF-14814E44EAEE}.Debug|Any CPU.Build.0 = Debug|Any CPU
		{F281D445-50B6-4D7B-94CF-14814E44EAEE}.Release|Any CPU.ActiveCfg = Release|Any CPU
		{F281D445-50B6-4D7B-94CF-14814E44EAEE}.Release|Any CPU.Build.0 = Release|Any CPU
		{D7718EE5-112E-4E6E-AC7A-34C391B55857}.Debug|Any CPU.ActiveCfg = Debug|Any CPU
		{D7718EE5-112E-4E6E-AC7A-34C391B55857}.Debug|Any CPU.Build.0 = Debug|Any CPU
		{D7718EE5-112E-4E6E-AC7A-34C391B55857}.Release|Any CPU.ActiveCfg = Release|Any CPU
		{D7718EE5-112E-4E6E-AC7A-34C391B55857}.Release|Any CPU.Build.0 = Release|Any CPU
	EndGlobalSection
	GlobalSection(SolutionProperties) = preSolution
		HideSolutionNode = FALSE
	EndGlobalSection
EndGlobal
